
Microsoft Visual Studio Solution File, Format Version 12.00
# Visual Studio Version 16
VisualStudioVersion = 16.0.33529.622
MinimumVisualStudioVersion = 10.0.40219.1
Project("{FAE04EC0-301F-11D3-BF4B-00C04F79EFBC}") = "Task 2 Lab 8", "Task 2 Lab 8.csproj", "{B4B01653-8BA7-43BC-A2D0-363CCAC92963}"
EndProject
Global
	GlobalSection(SolutionConfigurationPlatforms) = preSolution
		Debug|Any CPU = Debug|Any CPU
		Release|Any CPU = Release|Any CPU
	EndGlobalSection
	GlobalSection(ProjectConfigurationPlatforms) = postSolution
		{B4B01653-8BA7-43BC-A2D0-363CCAC92963}.Debug|Any CPU.ActiveCfg = Debug|Any CPU
		{B4B01653-8BA7-43BC-A2D0-363CCAC92963}.Debug|Any CPU.Build.0 = Debug|Any CPU
		{B4B01653-8BA7-43BC-A2D0-363CCAC92963}.Release|Any CPU.ActiveCfg = Release|Any CPU
		{B4B01653-8BA7-43BC-A2D0-363CCAC92963}.Release|Any CPU.Build.0 = Release|Any CPU
	EndGlobalSection
	GlobalSection(SolutionProperties) = preSolution
		HideSolutionNode = FALSE
	EndGlobalSection
	GlobalSection(ExtensibilityGlobals) = postSolution
		SolutionGuid = {86917625-1DFB-4B7E-A4F7-DE25F9E58882}
	EndGlobalSection
EndGlobal
