
Microsoft Visual Studio Solution File, Format Version 12.00
# Visual Studio Version 16
VisualStudioVersion = 16.0.33423.256
MinimumVisualStudioVersion = 10.0.40219.1
Project("{FAE04EC0-301F-11D3-BF4B-00C04F79EFBC}") = "Lab 2", "Lab 2.csproj", "{CEEC5DF7-8111-48DB-8A87-2E466B38402A}"
EndProject
Global
	GlobalSection(SolutionConfigurationPlatforms) = preSolution
		Debug|Any CPU = Debug|Any CPU
		Release|Any CPU = Release|Any CPU
	EndGlobalSection
	GlobalSection(ProjectConfigurationPlatforms) = postSolution
		{CEEC5DF7-8111-48DB-8A87-2E466B38402A}.Debug|Any CPU.ActiveCfg = Debug|Any CPU
		{CEEC5DF7-8111-48DB-8A87-2E466B38402A}.Debug|Any CPU.Build.0 = Debug|Any CPU
		{CEEC5DF7-8111-48DB-8A87-2E466B38402A}.Release|Any CPU.ActiveCfg = Release|Any CPU
		{CEEC5DF7-8111-48DB-8A87-2E466B38402A}.Release|Any CPU.Build.0 = Release|Any CPU
	EndGlobalSection
	GlobalSection(SolutionProperties) = preSolution
		HideSolutionNode = FALSE
	EndGlobalSection
	GlobalSection(ExtensibilityGlobals) = postSolution
		SolutionGuid = {73227F31-E755-42B9-A581-B3142E91F2AC}
	EndGlobalSection
EndGlobal
